
Microsoft Visual Studio Solution File, Format Version 12.00
# Visual Studio Version 17
VisualStudioVersion = 17.4.33205.214
MinimumVisualStudioVersion = 10.0.40219.1
Project("{FAE04EC0-301F-11D3-BF4B-00C04F79EFBC}") = "OOPExercise", "OOPExercise\OOPExercise.csproj", "{E2208AD1-7895-4220-BBAA-2DC2B75C07F3}"
EndProject
Global
	GlobalSection(SolutionConfigurationPlatforms) = preSolution
		Debug|Any CPU = Debug|Any CPU
		Release|Any CPU = Release|Any CPU
	EndGlobalSection
	GlobalSection(ProjectConfigurationPlatforms) = postSolution
		{E2208AD1-7895-4220-BBAA-2DC2B75C07F3}.Debug|Any CPU.ActiveCfg = Debug|Any CPU
		{E2208AD1-7895-4220-BBAA-2DC2B75C07F3}.Debug|Any CPU.Build.0 = Debug|Any CPU
		{E2208AD1-7895-4220-BBAA-2DC2B75C07F3}.Release|Any CPU.ActiveCfg = Release|Any CPU
		{E2208AD1-7895-4220-BBAA-2DC2B75C07F3}.Release|Any CPU.Build.0 = Release|Any CPU
	EndGlobalSection
	GlobalSection(SolutionProperties) = preSolution
		HideSolutionNode = FALSE
	EndGlobalSection
	GlobalSection(ExtensibilityGlobals) = postSolution
		SolutionGuid = {CC4B63FA-4512-4CB7-8B5E-AFAFD447A509}
	EndGlobalSection
EndGlobal
